
Microsoft Visual Studio Solution File, Format Version 12.00
# Visual Studio 15
VisualStudioVersion = 15.0.26228.76
MinimumVisualStudioVersion = 10.0.40219.1
Project("{2150E333-8FDC-42A3-9474-1A3956D46DE8}") = "0-Presentations", "0-Presentations", "{32EFD1DD-77EA-414F-8EFA-004C16FF5C74}"
EndProject
Project("{2150E333-8FDC-42A3-9474-1A3956D46DE8}") = "1-Services", "1-Services", "{8C2FD6D1-8789-41BC-A746-C3B2A0A470F8}"
EndProject
Project("{2150E333-8FDC-42A3-9474-1A3956D46DE8}") = "2-Applications", "2-Applications", "{C5E2E529-A65E-48BA-81A1-57C17CA4C745}"
EndProject
Project("{2150E333-8FDC-42A3-9474-1A3956D46DE8}") = "3-Domain", "3-Domain", "{BFF16CE0-8616-4C49-A64D-E19EBC9DEEA2}"
EndProject
Project("{2150E333-8FDC-42A3-9474-1A3956D46DE8}") = "4-Infra", "4-Infra", "{168181F1-2747-4E72-BFF4-8DB1A59B645B}"
EndProject
Project("{2150E333-8FDC-42A3-9474-1A3956D46DE8}") = "4.1-Data", "4.1-Data", "{7603C4D8-B069-419E-AF77-E63479E99B1D}"
EndProject
Project("{2150E333-8FDC-42A3-9474-1A3956D46DE8}") = "4.2-CrossCutting", "4.2-CrossCutting", "{C60EB84B-FCA5-498D-B46B-6C1A3A294DBA}"
EndProject
Project("{FAE04EC0-301F-11D3-BF4B-00C04F79EFBC}") = "Protectos.Domain", "src\Protectos.Domain\Protectos.Domain.csproj", "{A4D67B2C-9F59-4D2F-A109-F82C4B338736}"
EndProject
Project("{FAE04EC0-301F-11D3-BF4B-00C04F79EFBC}") = "Protectos.Domain.Core", "src\Protectos.Domain.Core\Protectos.Domain.Core.csproj", "{5A548C53-282E-47C4-8A11-4517BAE41FCB}"
EndProject
Project("{FAE04EC0-301F-11D3-BF4B-00C04F79EFBC}") = "Protectos.Infra.CrossCutting.IoC", "src\Protectos.Infra.CrossCutting.IoC\Protectos.Infra.CrossCutting.IoC.csproj", "{6BC002AD-DC92-4819-BD2C-1801705F3157}"
EndProject
Project("{FAE04EC0-301F-11D3-BF4B-00C04F79EFBC}") = "Protectos.Application", "src\Protectos.Application\Protectos.Application.csproj", "{0379C7B9-A59E-4913-B97E-E9521F870629}"
EndProject
Project("{FAE04EC0-301F-11D3-BF4B-00C04F79EFBC}") = "Protectos.Domain.Test", "test\Protectos.Domain.Test\Protectos.Domain.Test.csproj", "{0ECE14DA-5111-4AF6-806D-6C314B74BA59}"
EndProject
Project("{FAE04EC0-301F-11D3-BF4B-00C04F79EFBC}") = "Protectos.Infra.Data", "src\Protectos.Infra.Data\Protectos.Infra.Data.csproj", "{955272FD-2B5A-4E65-8594-59C3D3B9AB7C}"
EndProject
Project("{FAE04EC0-301F-11D3-BF4B-00C04F79EFBC}") = "ProtectosScafold", "Scafold\ProtectosScafold\ProtectosScafold.csproj", "{7BC32D22-8488-4496-A1C0-07416D7FB5E8}"
EndProject
Project("{FAE04EC0-301F-11D3-BF4B-00C04F79EFBC}") = "Protectos.Infra.CrossCutting.MvcFilters", "src\Protectos.Infra.CrossCutting.MvcFilters\Protectos.Infra.CrossCutting.MvcFilters.csproj", "{FF56073C-4223-4EDC-85AD-680664BC446E}"
EndProject
Project("{FAE04EC0-301F-11D3-BF4B-00C04F79EFBC}") = "Protectos.Web", "src\Protectos.Web\Protectos.Web.csproj", "{5137979B-9D18-49AD-AB66-5695B67EDE89}"
EndProject
Project("{FAE04EC0-301F-11D3-BF4B-00C04F79EFBC}") = "Protectos.Service", "src\Protectos.Service\Protectos.Service.csproj", "{9BF9FEA9-3248-45C7-981E-BE79B8E94D2F}"
EndProject
Project("{FAE04EC0-301F-11D3-BF4B-00C04F79EFBC}") = "Protectos.Infra.CrossCutting.ExternalService", "src\Protectos.Infra.CrossCutting.ExternalService\Protectos.Infra.CrossCutting.ExternalService.csproj", "{106BFAAA-CA22-42CA-8CFD-D3E7FD5BB261}"
EndProject
Project("{FAE04EC0-301F-11D3-BF4B-00C04F79EFBC}") = "Protectos.Infra.CrossCutting.Identity", "src\Protectos.Infra.CrossCutting.Identity\Protectos.Infra.CrossCutting.Identity.csproj", "{BE5BCA87-0F4D-40ED-B231-82E65D348D0F}"
EndProject
Global
	GlobalSection(SolutionConfigurationPlatforms) = preSolution
		Debug|Any CPU = Debug|Any CPU
		Release|Any CPU = Release|Any CPU
	EndGlobalSection
	GlobalSection(ProjectConfigurationPlatforms) = postSolution
		{A4D67B2C-9F59-4D2F-A109-F82C4B338736}.Debug|Any CPU.ActiveCfg = Debug|Any CPU
		{A4D67B2C-9F59-4D2F-A109-F82C4B338736}.Debug|Any CPU.Build.0 = Debug|Any CPU
		{A4D67B2C-9F59-4D2F-A109-F82C4B338736}.Release|Any CPU.ActiveCfg = Release|Any CPU
		{A4D67B2C-9F59-4D2F-A109-F82C4B338736}.Release|Any CPU.Build.0 = Release|Any CPU
		{5A548C53-282E-47C4-8A11-4517BAE41FCB}.Debug|Any CPU.ActiveCfg = Debug|Any CPU
		{5A548C53-282E-47C4-8A11-4517BAE41FCB}.Debug|Any CPU.Build.0 = Debug|Any CPU
		{5A548C53-282E-47C4-8A11-4517BAE41FCB}.Release|Any CPU.ActiveCfg = Release|Any CPU
		{5A548C53-282E-47C4-8A11-4517BAE41FCB}.Release|Any CPU.Build.0 = Release|Any CPU
		{6BC002AD-DC92-4819-BD2C-1801705F3157}.Debug|Any CPU.ActiveCfg = Debug|Any CPU
		{6BC002AD-DC92-4819-BD2C-1801705F3157}.Debug|Any CPU.Build.0 = Debug|Any CPU
		{6BC002AD-DC92-4819-BD2C-1801705F3157}.Release|Any CPU.ActiveCfg = Release|Any CPU
		{6BC002AD-DC92-4819-BD2C-1801705F3157}.Release|Any CPU.Build.0 = Release|Any CPU
		{0379C7B9-A59E-4913-B97E-E9521F870629}.Debug|Any CPU.ActiveCfg = Debug|Any CPU
		{0379C7B9-A59E-4913-B97E-E9521F870629}.Debug|Any CPU.Build.0 = Debug|Any CPU
		{0379C7B9-A59E-4913-B97E-E9521F870629}.Release|Any CPU.ActiveCfg = Release|Any CPU
		{0379C7B9-A59E-4913-B97E-E9521F870629}.Release|Any CPU.Build.0 = Release|Any CPU
		{0ECE14DA-5111-4AF6-806D-6C314B74BA59}.Debug|Any CPU.ActiveCfg = Debug|Any CPU
		{0ECE14DA-5111-4AF6-806D-6C314B74BA59}.Debug|Any CPU.Build.0 = Debug|Any CPU
		{0ECE14DA-5111-4AF6-806D-6C314B74BA59}.Release|Any CPU.ActiveCfg = Release|Any CPU
		{0ECE14DA-5111-4AF6-806D-6C314B74BA59}.Release|Any CPU.Build.0 = Release|Any CPU
		{955272FD-2B5A-4E65-8594-59C3D3B9AB7C}.Debug|Any CPU.ActiveCfg = Debug|Any CPU
		{955272FD-2B5A-4E65-8594-59C3D3B9AB7C}.Debug|Any CPU.Build.0 = Debug|Any CPU
		{955272FD-2B5A-4E65-8594-59C3D3B9AB7C}.Release|Any CPU.ActiveCfg = Release|Any CPU
		{955272FD-2B5A-4E65-8594-59C3D3B9AB7C}.Release|Any CPU.Build.0 = Release|Any CPU
		{7BC32D22-8488-4496-A1C0-07416D7FB5E8}.Debug|Any CPU.ActiveCfg = Debug|Any CPU
		{7BC32D22-8488-4496-A1C0-07416D7FB5E8}.Debug|Any CPU.Build.0 = Debug|Any CPU
		{7BC32D22-8488-4496-A1C0-07416D7FB5E8}.Release|Any CPU.ActiveCfg = Release|Any CPU
		{7BC32D22-8488-4496-A1C0-07416D7FB5E8}.Release|Any CPU.Build.0 = Release|Any CPU
		{FF56073C-4223-4EDC-85AD-680664BC446E}.Debug|Any CPU.ActiveCfg = Debug|Any CPU
		{FF56073C-4223-4EDC-85AD-680664BC446E}.Debug|Any CPU.Build.0 = Debug|Any CPU
		{FF56073C-4223-4EDC-85AD-680664BC446E}.Release|Any CPU.ActiveCfg = Release|Any CPU
		{FF56073C-4223-4EDC-85AD-680664BC446E}.Release|Any CPU.Build.0 = Release|Any CPU
		{5137979B-9D18-49AD-AB66-5695B67EDE89}.Debug|Any CPU.ActiveCfg = Debug|Any CPU
		{5137979B-9D18-49AD-AB66-5695B67EDE89}.Debug|Any CPU.Build.0 = Debug|Any CPU
		{5137979B-9D18-49AD-AB66-5695B67EDE89}.Release|Any CPU.ActiveCfg = Release|Any CPU
		{5137979B-9D18-49AD-AB66-5695B67EDE89}.Release|Any CPU.Build.0 = Release|Any CPU
		{9BF9FEA9-3248-45C7-981E-BE79B8E94D2F}.Debug|Any CPU.ActiveCfg = Debug|Any CPU
		{9BF9FEA9-3248-45C7-981E-BE79B8E94D2F}.Debug|Any CPU.Build.0 = Debug|Any CPU
		{9BF9FEA9-3248-45C7-981E-BE79B8E94D2F}.Release|Any CPU.ActiveCfg = Release|Any CPU
		{9BF9FEA9-3248-45C7-981E-BE79B8E94D2F}.Release|Any CPU.Build.0 = Release|Any CPU
		{106BFAAA-CA22-42CA-8CFD-D3E7FD5BB261}.Debug|Any CPU.ActiveCfg = Debug|Any CPU
		{106BFAAA-CA22-42CA-8CFD-D3E7FD5BB261}.Debug|Any CPU.Build.0 = Debug|Any CPU
		{106BFAAA-CA22-42CA-8CFD-D3E7FD5BB261}.Release|Any CPU.ActiveCfg = Release|Any CPU
		{106BFAAA-CA22-42CA-8CFD-D3E7FD5BB261}.Release|Any CPU.Build.0 = Release|Any CPU
		{BE5BCA87-0F4D-40ED-B231-82E65D348D0F}.Debug|Any CPU.ActiveCfg = Debug|Any CPU
		{BE5BCA87-0F4D-40ED-B231-82E65D348D0F}.Debug|Any CPU.Build.0 = Debug|Any CPU
		{BE5BCA87-0F4D-40ED-B231-82E65D348D0F}.Release|Any CPU.ActiveCfg = Release|Any CPU
		{BE5BCA87-0F4D-40ED-B231-82E65D348D0F}.Release|Any CPU.Build.0 = Release|Any CPU
	EndGlobalSection
	GlobalSection(SolutionProperties) = preSolution
		HideSolutionNode = FALSE
	EndGlobalSection
	GlobalSection(NestedProjects) = preSolution
		{7603C4D8-B069-419E-AF77-E63479E99B1D} = {168181F1-2747-4E72-BFF4-8DB1A59B645B}
		{C60EB84B-FCA5-498D-B46B-6C1A3A294DBA} = {168181F1-2747-4E72-BFF4-8DB1A59B645B}
		{A4D67B2C-9F59-4D2F-A109-F82C4B338736} = {BFF16CE0-8616-4C49-A64D-E19EBC9DEEA2}
		{5A548C53-282E-47C4-8A11-4517BAE41FCB} = {BFF16CE0-8616-4C49-A64D-E19EBC9DEEA2}
		{6BC002AD-DC92-4819-BD2C-1801705F3157} = {C60EB84B-FCA5-498D-B46B-6C1A3A294DBA}
		{0379C7B9-A59E-4913-B97E-E9521F870629} = {C5E2E529-A65E-48BA-81A1-57C17CA4C745}
		{0ECE14DA-5111-4AF6-806D-6C314B74BA59} = {BFF16CE0-8616-4C49-A64D-E19EBC9DEEA2}
		{955272FD-2B5A-4E65-8594-59C3D3B9AB7C} = {7603C4D8-B069-419E-AF77-E63479E99B1D}
		{7BC32D22-8488-4496-A1C0-07416D7FB5E8} = {32EFD1DD-77EA-414F-8EFA-004C16FF5C74}
		{FF56073C-4223-4EDC-85AD-680664BC446E} = {C60EB84B-FCA5-498D-B46B-6C1A3A294DBA}
		{5137979B-9D18-49AD-AB66-5695B67EDE89} = {32EFD1DD-77EA-414F-8EFA-004C16FF5C74}
		{9BF9FEA9-3248-45C7-981E-BE79B8E94D2F} = {8C2FD6D1-8789-41BC-A746-C3B2A0A470F8}
		{106BFAAA-CA22-42CA-8CFD-D3E7FD5BB261} = {C60EB84B-FCA5-498D-B46B-6C1A3A294DBA}
		{BE5BCA87-0F4D-40ED-B231-82E65D348D0F} = {C60EB84B-FCA5-498D-B46B-6C1A3A294DBA}
	EndGlobalSection
	GlobalSection(ExtensibilityGlobals) = postSolution
		SolutionGuid = {C3839CE0-53AE-4343-803B-BE189A463404}
	EndGlobalSection
EndGlobal
